// !$*UTF8*$!
{
	archiveVersion = 1;
	classes = {
	};
	objectVersion = 46;
	objects = {

/* Begin PBXBuildFile section */
		660EB65B198600B400C56A13 /* Foundation.framework in Frameworks */ = {isa = PBXBuildFile; fileRef = 660EB65A198600B400C56A13 /* Foundation.framework */; };
		660EB65D198600B400C56A13 /* CoreGraphics.framework in Frameworks */ = {isa = PBXBuildFile; fileRef = 660EB65C198600B400C56A13 /* CoreGraphics.framework */; };
		660EB65F198600B400C56A13 /* UIKit.framework in Frameworks */ = {isa = PBXBuildFile; fileRef = 660EB65E198600B400C56A13 /* UIKit.framework */; };
		660EB665198600B400C56A13 /* InfoPlist.strings in Resources */ = {isa = PBXBuildFile; fileRef = 660EB663198600B400C56A13 /* InfoPlist.strings */; };
		660EB667198600B400C56A13 /* main.m in Sources */ = {isa = PBXBuildFile; fileRef = 660EB666198600B400C56A13 /* main.m */; };
		660EB66B198600B400C56A13 /* AppDelegate.m in Sources */ = {isa = PBXBuildFile; fileRef = 660EB66A198600B400C56A13 /* AppDelegate.m */; };
		660EB66E198600B400C56A13 /* Main.storyboard in Resources */ = {isa = PBXBuildFile; fileRef = 660EB66C198600B400C56A13 /* Main.storyboard */; };
		660EB671198600B400C56A13 /* ViewController.m in Sources */ = {isa = PBXBuildFile; fileRef = 660EB670198600B400C56A13 /* ViewController.m */; };
		660EB673198600B400C56A13 /* Images.xcassets in Resources */ = {isa = PBXBuildFile; fileRef = 660EB672198600B400C56A13 /* Images.xcassets */; };
		660EB67A198600B400C56A13 /* XCTest.framework in Frameworks */ = {isa = PBXBuildFile; fileRef = 660EB679198600B400C56A13 /* XCTest.framework */; };
		660EB67B198600B400C56A13 /* Foundation.framework in Frameworks */ = {isa = PBXBuildFile; fileRef = 660EB65A198600B400C56A13 /* Foundation.framework */; };
		660EB67C198600B400C56A13 /* UIKit.framework in Frameworks */ = {isa = PBXBuildFile; fileRef = 660EB65E198600B400C56A13 /* UIKit.framework */; };
		660EB684198600B500C56A13 /* InfoPlist.strings in Resources */ = {isa = PBXBuildFile; fileRef = 660EB682198600B500C56A13 /* InfoPlist.strings */; };
		660EB686198600B500C56A13 /* json_practiceTests.m in Sources */ = {isa = PBXBuildFile; fileRef = 660EB685198600B500C56A13 /* json_practiceTests.m */; };
/* End PBXBuildFile section */

/* Begin PBXContainerItemProxy section */
		660EB67D198600B400C56A13 /* PBXContainerItemProxy */ = {
			isa = PBXContainerItemProxy;
			containerPortal = 660EB64F198600B400C56A13 /* Project object */;
			proxyType = 1;
			remoteGlobalIDString = 660EB656198600B400C56A13;
			remoteInfo = json_practice;
		};
/* End PBXContainerItemProxy section */

/* Begin PBXFileReference section */
		660EB657198600B400C56A13 /* json_practice.app */ = {isa = PBXFileReference; explicitFileType = wrapper.application; includeInIndex = 0; path = json_practice.app; sourceTree = BUILT_PRODUCTS_DIR; };
		660EB65A198600B400C56A13 /* Foundation.framework */ = {isa = PBXFileReference; lastKnownFileType = wrapper.framework; name = Foundation.framework; path = System/Library/Frameworks/Foundation.framework; sourceTree = SDKROOT; };
		660EB65C198600B400C56A13 /* CoreGraphics.framework */ = {isa = PBXFileReference; lastKnownFileType = wrapper.framework; name = CoreGraphics.framework; path = System/Library/Frameworks/CoreGraphics.framework; sourceTree = SDKROOT; };
		660EB65E198600B400C56A13 /* UIKit.framework */ = {isa = PBXFileReference; lastKnownFileType = wrapper.framework; name = UIKit.framework; path = System/Library/Frameworks/UIKit.framework; sourceTree = SDKROOT; };
		660EB662198600B400C56A13 /* json_practice-Info.plist */ = {isa = PBXFileReference; lastKnownFileType = text.plist.xml; path = "json_practice-Info.plist"; sourceTree = "<group>"; };
		660EB664198600B400C56A13 /* en */ = {isa = PBXFileReference; lastKnownFileType = text.plist.strings; name = en; path = en.lproj/InfoPlist.strings; sourceTree = "<group>"; };
		660EB666198600B400C56A13 /* main.m */ = {isa = PBXFileReference; lastKnownFileType = sourcecode.c.objc; path = main.m; sourceTree = "<group>"; };
		660EB668198600B400C56A13 /* json_practice-Prefix.pch */ = {isa = PBXFileReference; lastKnownFileType = sourcecode.c.h; path = "json_practice-Prefix.pch"; sourceTree = "<group>"; };
		660EB669198600B400C56A13 /* AppDelegate.h */ = {isa = PBXFileReference; lastKnownFileType = sourcecode.c.h; path = AppDelegate.h; sourceTree = "<group>"; };
		660EB66A198600B400C56A13 /* AppDelegate.m */ = {isa = PBXFileReference; lastKnownFileType = sourcecode.c.objc; path = AppDelegate.m; sourceTree = "<group>"; };
		660EB66D198600B400C56A13 /* Base */ = {isa = PBXFileReference; lastKnownFileType = file.storyboard; name = Base; path = Base.lproj/Main.storyboard; sourceTree = "<group>"; };
		660EB66F198600B400C56A13 /* ViewController.h */ = {isa = PBXFileReference; lastKnownFileType = sourcecode.c.h; path = ViewController.h; sourceTree = "<group>"; };
		660EB670198600B400C56A13 /* ViewController.m */ = {isa = PBXFileReference; lastKnownFileType = sourcecode.c.objc; path = ViewController.m; sourceTree = "<group>"; };
		660EB672198600B400C56A13 /* Images.xcassets */ = {isa = PBXFileReference; lastKnownFileType = folder.assetcatalog; path = Images.xcassets; sourceTree = "<group>"; };
		660EB678198600B400C56A13 /* json_practiceTests.xctest */ = {isa = PBXFileReference; explicitFileType = wrapper.cfbundle; includeInIndex = 0; path = json_practiceTests.xctest; sourceTree = BUILT_PRODUCTS_DIR; };
		660EB679198600B400C56A13 /* XCTest.framework */ = {isa = PBXFileReference; lastKnownFileType = wrapper.framework; name = XCTest.framework; path = Library/Frameworks/XCTest.framework; sourceTree = DEVELOPER_DIR; };
		660EB681198600B500C56A13 /* json_practiceTests-Info.plist */ = {isa = PBXFileReference; lastKnownFileType = text.plist.xml; path = "json_practiceTests-Info.plist"; sourceTree = "<group>"; };
		660EB683198600B500C56A13 /* en */ = {isa = PBXFileReference; lastKnownFileType = text.plist.strings; name = en; path = en.lproj/InfoPlist.strings; sourceTree = "<group>"; };
		660EB685198600B500C56A13 /* json_practiceTests.m */ = {isa = PBXFileReference; lastKnownFileType = sourcecode.c.objc; path = json_practiceTests.m; sourceTree = "<group>"; };
/* End PBXFileReference section */

/* Begin PBXFrameworksBuildPhase section */
		660EB654198600B400C56A13 /* Frameworks */ = {
			isa = PBXFrameworksBuildPhase;
			buildActionMask = 2147483647;
			files = (
				660EB65D198600B400C56A13 /* CoreGraphics.framework in Frameworks */,
				660EB65F198600B400C56A13 /* UIKit.framework in Frameworks */,
				660EB65B198600B400C56A13 /* Foundation.framework in Frameworks */,
			);
			runOnlyForDeploymentPostprocessing = 0;
		};
		660EB675198600B400C56A13 /* Frameworks */ = {
			isa = PBXFrameworksBuildPhase;
			buildActionMask = 2147483647;
			files = (
				660EB67A198600B400C56A13 /* XCTest.framework in Frameworks */,
				660EB67C198600B400C56A13 /* UIKit.framework in Frameworks */,
				660EB67B198600B400C56A13 /* Foundation.framework in Frameworks */,
			);
			runOnlyForDeploymentPostprocessing = 0;
		};
/* End PBXFrameworksBuildPhase section */

/* Begin PBXGroup section */
		660EB64E198600B400C56A13 = {
			isa = PBXGroup;
			children = (
				660EB660198600B400C56A13 /* json_practice */,
				660EB67F198600B400C56A13 /* json_practiceTests */,
				660EB659198600B400C56A13 /* Frameworks */,
				660EB658198600B400C56A13 /* Products */,
			);
			sourceTree = "<group>";
		};
		660EB658198600B400C56A13 /* Products */ = {
			isa = PBXGroup;
			children = (
				660EB657198600B400C56A13 /* json_practice.app */,
				660EB678198600B400C56A13 /* json_practiceTests.xctest */,
			);
			name = Products;
			sourceTree = "<group>";
		};
		660EB659198600B400C56A13 /* Frameworks */ = {
			isa = PBXGroup;
			children = (
				660EB65A198600B400C56A13 /* Foundation.framework */,
				660EB65C198600B400C56A13 /* CoreGraphics.framework */,
				660EB65E198600B400C56A13 /* UIKit.framework */,
				660EB679198600B400C56A13 /* XCTest.framework */,
			);
			name = Frameworks;
			sourceTree = "<group>";
		};
		660EB660198600B400C56A13 /* json_practice */ = {
			isa = PBXGroup;
			children = (
				660EB669198600B400C56A13 /* AppDelegate.h */,
				660EB66A198600B400C56A13 /* AppDelegate.m */,
				660EB66C198600B400C56A13 /* Main.storyboard */,
				660EB66F198600B400C56A13 /* ViewController.h */,
				660EB670198600B400C56A13 /* ViewController.m */,
				660EB672198600B400C56A13 /* Images.xcassets */,
				660EB661198600B400C56A13 /* Supporting Files */,
			);
			path = json_practice;
			sourceTree = "<group>";
		};
		660EB661198600B400C56A13 /* Supporting Files */ = {
			isa = PBXGroup;
			children = (
				660EB662198600B400C56A13 /* json_practice-Info.plist */,
				660EB663198600B400C56A13 /* InfoPlist.strings */,
				660EB666198600B400C56A13 /* main.m */,
				660EB668198600B400C56A13 /* json_practice-Prefix.pch */,
			);
			name = "Supporting Files";
			sourceTree = "<group>";
		};
		660EB67F198600B400C56A13 /* json_practiceTests */ = {
			isa = PBXGroup;
			children = (
				660EB685198600B500C56A13 /* json_practiceTests.m */,
				660EB680198600B500C56A13 /* Supporting Files */,
			);
			path = json_practiceTests;
			sourceTree = "<group>";
		};
		660EB680198600B500C56A13 /* Supporting Files */ = {
			isa = PBXGroup;
			children = (
				660EB681198600B500C56A13 /* json_practiceTests-Info.plist */,
				660EB682198600B500C56A13 /* InfoPlist.strings */,
			);
			name = "Supporting Files";
			sourceTree = "<group>";
		};
/* End PBXGroup section */

/* Begin PBXNativeTarget section */
		660EB656198600B400C56A13 /* json_practice */ = {
			isa = PBXNativeTarget;
			buildConfigurationList = 660EB689198600B500C56A13 /* Build configuration list for PBXNativeTarget "json_practice" */;
			buildPhases = (
				660EB653198600B400C56A13 /* Sources */,
				660EB654198600B400C56A13 /* Frameworks */,
				660EB655198600B400C56A13 /* Resources */,
			);
			buildRules = (
			);
			dependencies = (
			);
			name = json_practice;
			productName = json_practice;
			productReference = 660EB657198600B400C56A13 /* json_practice.app */;
			productType = "com.apple.product-type.application";
		};
		660EB677198600B400C56A13 /* json_practiceTests */ = {
			isa = PBXNativeTarget;
			buildConfigurationList = 660EB68C198600B500C56A13 /* Build configuration list for PBXNativeTarget "json_practiceTests" */;
			buildPhases = (
				660EB674198600B400C56A13 /* Sources */,
				660EB675198600B400C56A13 /* Frameworks */,
				660EB676198600B400C56A13 /* Resources */,
			);
			buildRules = (
			);
			dependencies = (
				660EB67E198600B400C56A13 /* PBXTargetDependency */,
			);
			name = json_practiceTests;
			productName = json_practiceTests;
			productReference = 660EB678198600B400C56A13 /* json_practiceTests.xctest */;
			productType = "com.apple.product-type.bundle.unit-test";
		};
/* End PBXNativeTarget section */

/* Begin PBXProject section */
		660EB64F198600B400C56A13 /* Project object */ = {
			isa = PBXProject;
			attributes = {
				LastUpgradeCheck = 0510;
				ORGANIZATIONNAME = MobileIT;
				TargetAttributes = {
					660EB677198600B400C56A13 = {
						TestTargetID = 660EB656198600B400C56A13;
					};
				};
			};
			buildConfigurationList = 660EB652198600B400C56A13 /* Build configuration list for PBXProject "json_practice" */;
			compatibilityVersion = "Xcode 3.2";
			developmentRegion = English;
			hasScannedForEncodings = 0;
			knownRegions = (
				en,
				Base,
			);
			mainGroup = 660EB64E198600B400C56A13;
			productRefGroup = 660EB658198600B400C56A13 /* Products */;
			projectDirPath = "";
			projectRoot = "";
			targets = (
				660EB656198600B400C56A13 /* json_practice */,
				660EB677198600B400C56A13 /* json_practiceTests */,
			);
		};
/* End PBXProject section */

/* Begin PBXResourcesBuildPhase section */
		660EB655198600B400C56A13 /* Resources */ = {
			isa = PBXResourcesBuildPhase;
			buildActionMask = 2147483647;
			files = (
				660EB673198600B400C56A13 /* Images.xcassets in Resources */,
				660EB665198600B400C56A13 /* InfoPlist.strings in Resources */,
				660EB66E198600B400C56A13 /* Main.storyboard in Resources */,
			);
			runOnlyForDeploymentPostprocessing = 0;
		};
		660EB676198600B400C56A13 /* Resources */ = {
			isa = PBXResourcesBuildPhase;
			buildActionMask = 2147483647;
			files = (
				660EB684198600B500C56A13 /* InfoPlist.strings in Resources */,
			);
			runOnlyForDeploymentPostprocessing = 0;
		};
/* End PBXResourcesBuildPhase section */

/* Begin PBXSourcesBuildPhase section */
		660EB653198600B400C56A13 /* Sources */ = {
			isa = PBXSourcesBuildPhase;
			buildActionMask = 2147483647;
			files = (
				660EB671198600B400C56A13 /* ViewController.m in Sources */,
				660EB66B198600B400C56A13 /* AppDelegate.m in Sources */,
				660EB667198600B400C56A13 /* main.m in Sources */,
			);
			runOnlyForDeploymentPostprocessing = 0;
		};
		660EB674198600B400C56A13 /* Sources */ = {
			isa = PBXSourcesBuildPhase;
			buildActionMask = 2147483647;
			files = (
				660EB686198600B500C56A13 /* json_practiceTests.m in Sources */,
			);
			runOnlyForDeploymentPostprocessing = 0;
		};
/* End PBXSourcesBuildPhase section */

/* Begin PBXTargetDependency section */
		660EB67E198600B400C56A13 /* PBXTargetDependency */ = {
			isa = PBXTargetDependency;
			target = 660EB656198600B400C56A13 /* json_practice */;
			targetProxy = 660EB67D198600B400C56A13 /* PBXContainerItemProxy */;
		};
/* End PBXTargetDependency section */

/* Begin PBXVariantGroup section */
		660EB663198600B400C56A13 /* InfoPlist.strings */ = {
			isa = PBXVariantGroup;
			children = (
				660EB664198600B400C56A13 /* en */,
			);
			name = InfoPlist.strings;
			sourceTree = "<group>";
		};
		660EB66C198600B400C56A13 /* Main.storyboard */ = {
			isa = PBXVariantGroup;
			children = (
				660EB66D198600B400C56A13 /* Base */,
			);
			name = Main.storyboard;
			sourceTree = "<group>";
		};
		660EB682198600B500C56A13 /* InfoPlist.strings */ = {
			isa = PBXVariantGroup;
			children = (
				660EB683198600B500C56A13 /* en */,
			);
			name = InfoPlist.strings;
			sourceTree = "<group>";
		};
/* End PBXVariantGroup section */

/* Begin XCBuildConfiguration section */
		660EB687198600B500C56A13 /* Debug */ = {
			isa = XCBuildConfiguration;
			buildSettings = {
				ALWAYS_SEARCH_USER_PATHS = NO;
				CLANG_CXX_LANGUAGE_STANDARD = "gnu++0x";
				CLANG_CXX_LIBRARY = "libc++";
				CLANG_ENABLE_MODULES = YES;
				CLANG_ENABLE_OBJC_ARC = YES;
				CLANG_WARN_BOOL_CONVERSION = YES;
				CLANG_WARN_CONSTANT_CONVERSION = YES;
				CLANG_WARN_DIRECT_OBJC_ISA_USAGE = YES_ERROR;
				CLANG_WARN_EMPTY_BODY = YES;
				CLANG_WARN_ENUM_CONVERSION = YES;
				CLANG_WARN_INT_CONVERSION = YES;
				CLANG_WARN_OBJC_ROOT_CLASS = YES_ERROR;
				CLANG_WARN__DUPLICATE_METHOD_MATCH = YES;
				"CODE_SIGN_IDENTITY[sdk=iphoneos*]" = "iPhone Developer";
				COPY_PHASE_STRIP = NO;
				GCC_C_LANGUAGE_STANDARD = gnu99;
				GCC_DYNAMIC_NO_PIC = NO;
				GCC_OPTIMIZATION_LEVEL = 0;
				GCC_PREPROCESSOR_DEFINITIONS = (
					"DEBUG=1",
					"$(inherited)",
				);
				GCC_SYMBOLS_PRIVATE_EXTERN = NO;
				GCC_WARN_64_TO_32_BIT_CONVERSION = YES;
				GCC_WARN_ABOUT_RETURN_TYPE = YES_ERROR;
				GCC_WARN_UNDECLARED_SELECTOR = YES;
				GCC_WARN_UNINITIALIZED_AUTOS = YES_AGGRESSIVE;
				GCC_WARN_UNUSED_FUNCTION = YES;
				GCC_WARN_UNUSED_VARIABLE = YES;
				IPHONEOS_DEPLOYMENT_TARGET = 7.1;
				ONLY_ACTIVE_ARCH = YES;
				SDKROOT = iphoneos;
			};
			name = Debug;
		};
		660EB688198600B500C56A13 /* Release */ = {
			isa = XCBuildConfiguration;
			buildSettings = {
				ALWAYS_SEARCH_USER_PATHS = NO;
				CLANG_CXX_LANGUAGE_STANDARD = "gnu++0x";
				CLANG_CXX_LIBRARY = "libc++";
				CLANG_ENABLE_MODULES = YES;
				CLANG_ENABLE_OBJC_ARC = YES;
				CLANG_WARN_BOOL_CONVERSION = YES;
				CLANG_WARN_CONSTANT_CONVERSION = YES;
				CLANG_WARN_DIRECT_OBJC_ISA_USAGE = YES_ERROR;
				CLANG_WARN_EMPTY_BODY = YES;
				CLANG_WARN_ENUM_CONVERSION = YES;
				CLANG_WARN_INT_CONVERSION = YES;
				CLANG_WARN_OBJC_ROOT_CLASS = YES_ERROR;
				CLANG_WARN__DUPLICATE_METHOD_MATCH = YES;
				"CODE_SIGN_IDENTITY[sdk=iphoneos*]" = "iPhone Developer";
				COPY_PHASE_STRIP = YES;
				ENABLE_NS_ASSERTIONS = NO;
				GCC_C_LANGUAGE_STANDARD = gnu99;
				GCC_WARN_64_TO_32_BIT_CONVERSION = YES;
				GCC_WARN_ABOUT_RETURN_TYPE = YES_ERROR;
				GCC_WARN_UNDECLARED_SELECTOR = YES;
				GCC_WARN_UNINITIALIZED_AUTOS = YES_AGGRESSIVE;
				GCC_WARN_UNUSED_FUNCTION = YES;
				GCC_WARN_UNUSED_VARIABLE = YES;
				IPHONEOS_DEPLOYMENT_TARGET = 7.1;
				SDKROOT = iphoneos;
				VALIDATE_PRODUCT = YES;
			};
			name = Release;
		};
		660EB68A198600B500C56A13 /* Debug */ = {
			isa = XCBuildConfiguration;
			buildSettings = {
				ASSETCATALOG_COMPILER_APPICON_NAME = AppIcon;
				ASSETCATALOG_COMPILER_LAUNCHIMAGE_NAME = LaunchImage;
				GCC_PRECOMPILE_PREFIX_HEADER = YES;
				GCC_PREFIX_HEADER = "json_practice/json_practice-Prefix.pch";
				INFOPLIST_FILE = "json_practice/json_practice-Info.plist";
				PRODUCT_NAME = "$(TARGET_NAME)";
				WRAPPER_EXTENSION = app;
			};
			name = Debug;
		};
		660EB68B198600B500C56A13 /* Release */ = {
			isa = XCBuildConfiguration;
			buildSettings = {
				ASSETCATALOG_COMPILER_APPICON_NAME = AppIcon;
				ASSETCATALOG_COMPILER_LAUNCHIMAGE_NAME = LaunchImage;
				GCC_PRECOMPILE_PREFIX_HEADER = YES;
				GCC_PREFIX_HEADER = "json_practice/json_practice-Prefix.pch";
				INFOPLIST_FILE = "json_practice/json_practice-Info.plist";
				PRODUCT_NAME = "$(TARGET_NAME)";
				WRAPPER_EXTENSION = app;
			};
			name = Release;
		};
		660EB68D198600B500C56A13 /* Debug */ = {
			isa = XCBuildConfiguration;
			buildSettings = {
				BUNDLE_LOADER = "$(BUILT_PRODUCTS_DIR)/json_practice.app/json_practice";
				FRAMEWORK_SEARCH_PATHS = (
					"$(SDKROOT)/Developer/Library/Frameworks",
					"$(inherited)",
					"$(DEVELOPER_FRAMEWORKS_DIR)",
				);
				GCC_PRECOMPILE_PREFIX_HEADER = YES;
				GCC_PREFIX_HEADER = "json_practice/json_practice-Prefix.pch";
				GCC_PREPROCESSOR_DEFINITIONS = (
					"DEBUG=1",
					"$(inherited)",
				);
				INFOPLIST_FILE = "json_practiceTests/json_practiceTests-Info.plist";
				PRODUCT_NAME = "$(TARGET_NAME)";
				TEST_HOST = "$(BUNDLE_LOADER)";
				WRAPPER_EXTENSION = xctest;
			};
			name = Debug;
		};
		660EB68E198600B500C56A13 /* Release */ = {
			isa = XCBuildConfiguration;
			buildSettings = {
				BUNDLE_LOADER = "$(BUILT_PRODUCTS_DIR)/json_practice.app/json_practice";
				FRAMEWORK_SEARCH_PATHS = (
					"$(SDKROOT)/Developer/Library/Frameworks",
					"$(inherited)",
					"$(DEVELOPER_FRAMEWORKS_DIR)",
				);
				GCC_PRECOMPILE_PREFIX_HEADER = YES;
				GCC_PREFIX_HEADER = "json_practice/json_practice-Prefix.pch";
				INFOPLIST_FILE = "json_practiceTests/json_practiceTests-Info.plist";
				PRODUCT_NAME = "$(TARGET_NAME)";
				TEST_HOST = "$(BUNDLE_LOADER)";
				WRAPPER_EXTENSION = xctest;
			};
			name = Release;
		};
/* End XCBuildConfiguration section */

/* Begin XCConfigurationList section */
		660EB652198600B400C56A13 /* Build configuration list for PBXProject "json_practice" */ = {
			isa = XCConfigurationList;
			buildConfigurations = (
				660EB687198600B500C56A13 /* Debug */,
				660EB688198600B500C56A13 /* Release */,
			);
			defaultConfigurationIsVisible = 0;
			defaultConfigurationName = Release;
		};
		660EB689198600B500C56A13 /* Build configuration list for PBXNativeTarget "json_practice" */ = {
			isa = XCConfigurationList;
			buildConfigurations = (
				660EB68A198600B500C56A13 /* Debug */,
				660EB68B198600B500C56A13 /* Release */,
			);
			defaultConfigurationIsVisible = 0;
		};
		660EB68C198600B500C56A13 /* Build configuration list for PBXNativeTarget "json_practiceTests" */ = {
			isa = XCConfigurationList;
			buildConfigurations = (
				660EB68D198600B500C56A13 /* Debug */,
				660EB68E198600B500C56A13 /* Release */,
			);
			defaultConfigurationIsVisible = 0;
		};
/* End XCConfigurationList section */
	};
	rootObject = 660EB64F198600B400C56A13 /* Project object */;
}
